// !$*UTF8*$!
{
	archiveVersion = 1;
	classes = {
	};
	objectVersion = 46;
	objects = {

/* Begin PBXBuildFile section */
		0B58C2977BCFDF6E51C80FC3 /* rgb_packet_processor.cpp in Sources */ = {isa = PBXBuildFile; fileRef = 8B0FE759D9212A5456551E25 /* rgb_packet_processor.cpp */; };
		118599A3612302C6AD2DD073 /* opencl_depth_packet_processor.cpp in Sources */ = {isa = PBXBuildFile; fileRef = 7444EE700253EF0A7112EF15 /* opencl_depth_packet_processor.cpp */; };
		15BE216EAD19C22ACF6F15E1 /* usb_control.cpp in Sources */ = {isa = PBXBuildFile; fileRef = 32C3C14470FBB6951AC969FE /* usb_control.cpp */; };
		1A47AFF830CB14C0AECAEED1 /* double_buffer.cpp in Sources */ = {isa = PBXBuildFile; fileRef = D2913132EB6C9A270EC68F96 /* double_buffer.cpp */; };
		1B63CA8565B65E6AA43C05BD /* libfreenect2.cpp in Sources */ = {isa = PBXBuildFile; fileRef = 5435A5712B155D801A944168 /* libfreenect2.cpp */; };
		34A1CD0B670B0A4266464779 /* ofxTurboJpeg.cpp in Sources */ = {isa = PBXBuildFile; fileRef = CC7594CA5E21F32F237CA87E /* ofxTurboJpeg.cpp */; };
		359D74FB5990FB665F2460D7 /* command_transaction.cpp in Sources */ = {isa = PBXBuildFile; fileRef = F04838C7C79E9099D16C2AB5 /* command_transaction.cpp */; };
		39E9063CA63B44BFBFA80F35 /* timer_util.cpp in Sources */ = {isa = PBXBuildFile; fileRef = 86393029E349167F492BCA1C /* timer_util.cpp */; };
		4B0F3D1EB29CB557D89CA9A2 /* transfer_pool.cpp in Sources */ = {isa = PBXBuildFile; fileRef = 2DBA5E0AA9A32F1737AEC5FB /* transfer_pool.cpp */; };
		660398161B9896EE00444604 /* OpenCL.framework in Frameworks */ = {isa = PBXBuildFile; fileRef = 660398151B9896EE00444604 /* OpenCL.framework */; };
		660398181B98972100444604 /* usb-1.0.0-superspeed.a in Frameworks */ = {isa = PBXBuildFile; fileRef = 660398171B98972100444604 /* usb-1.0.0-superspeed.a */; };
		6603981A1B98973100444604 /* libturbojpeg.dylib in Frameworks */ = {isa = PBXBuildFile; fileRef = 660398191B98973100444604 /* libturbojpeg.dylib */; };
		6603981B1B98973400444604 /* libturbojpeg.dylib in CopyFiles */ = {isa = PBXBuildFile; fileRef = 660398191B98973100444604 /* libturbojpeg.dylib */; settings = {ATTRIBUTES = (CodeSignOnCopy, ); }; };
		6A6AE11E97926C5BE00EAEF1 /* frame_listener_impl.cpp in Sources */ = {isa = PBXBuildFile; fileRef = 13ED2951F5F3725763336D48 /* frame_listener_impl.cpp */; };
		7BB04936B6F377900D52306A /* packet_pipeline.cpp in Sources */ = {isa = PBXBuildFile; fileRef = 52F36506CB07F8D77EFFEFB5 /* packet_pipeline.cpp */; };
		879FF62052195AD1A4F2D72E /* GpuRegistration.cpp in Sources */ = {isa = PBXBuildFile; fileRef = 8CE5BC5A01CE5C55E2DCA340 /* GpuRegistration.cpp */; };
		8D0B283FA19BACFC2D3533EE /* ofProtonect2.cpp in Sources */ = {isa = PBXBuildFile; fileRef = 6577C6C436CC968B54754753 /* ofProtonect2.cpp */; };
		90CFBDC258050F2A76C52BAD /* depth_packet_stream_parser.cpp in Sources */ = {isa = PBXBuildFile; fileRef = 1A8B7301B07E41A7860F065B /* depth_packet_stream_parser.cpp */; };
		995FA44819CBE344F3A99015 /* depth_packet_processor.cpp in Sources */ = {isa = PBXBuildFile; fileRef = 028B5D90B7A28E53F2A9D48C /* depth_packet_processor.cpp */; };
		A7C0D61E90A5E31756CB3030 /* ofxMultiKinectV2.cpp in Sources */ = {isa = PBXBuildFile; fileRef = 024A679F5A3B638E46C3F54F /* ofxMultiKinectV2.cpp */; };
		B0614948E4D65AD3DC7B0C12 /* registration.cpp in Sources */ = {isa = PBXBuildFile; fileRef = 791BB9B9B6DB06F68CD36BE4 /* registration.cpp */; };
		D32DE697B467335CD8BB32C0 /* tinythread.cpp in Sources */ = {isa = PBXBuildFile; fileRef = B6CECC732C92DCA071D23956 /* tinythread.cpp */; };
		E4328149138ABC9F0047C5CB /* openFrameworksDebug.a in Frameworks */ = {isa = PBXBuildFile; fileRef = E4328148138ABC890047C5CB /* openFrameworksDebug.a */; };
		E4B69E210A3A1BDC003C02F2 /* ofApp.cpp in Sources */ = {isa = PBXBuildFile; fileRef = E4B69E1E0A3A1BDC003C02F2 /* ofApp.cpp */; };
		E98D59F70F0B38F59FDE2FA5 /* rgb_packet_stream_parser.cpp in Sources */ = {isa = PBXBuildFile; fileRef = 5BCD8A837363FEE587A10B8A /* rgb_packet_stream_parser.cpp */; };
		E990FBDAC846F3CAA8775E66 /* event_loop.cpp in Sources */ = {isa = PBXBuildFile; fileRef = 6B26337A665FAA10EA3539EA /* event_loop.cpp */; };
		F3B32813EFF37A002E25A954 /* resource.cpp in Sources */ = {isa = PBXBuildFile; fileRef = DB1B00F78146763819297551 /* resource.cpp */; };
/* End PBXBuildFile section */

/* Begin PBXContainerItemProxy section */
		E4328147138ABC890047C5CB /* PBXContainerItemProxy */ = {
			isa = PBXContainerItemProxy;
			containerPortal = E4328143138ABC890047C5CB /* openFrameworksLib.xcodeproj */;
			proxyType = 2;
			remoteGlobalIDString = E4B27C1510CBEB8E00536013;
			remoteInfo = openFrameworks;
		};
		E4EEB9AB138B136A00A80321 /* PBXContainerItemProxy */ = {
			isa = PBXContainerItemProxy;
			containerPortal = E4328143138ABC890047C5CB /* openFrameworksLib.xcodeproj */;
			proxyType = 1;
			remoteGlobalIDString = E4B27C1410CBEB8E00536013;
			remoteInfo = openFrameworks;
		};
/* End PBXContainerItemProxy section */

/* Begin PBXCopyFilesBuildPhase section */
		E4C2427710CC5ABF004149E2 /* CopyFiles */ = {
			isa = PBXCopyFilesBuildPhase;
			buildActionMask = 2147483647;
			dstPath = "";
			dstSubfolderSpec = 10;
			files = (
				6603981B1B98973400444604 /* libturbojpeg.dylib in CopyFiles */,
			);
			runOnlyForDeploymentPostprocessing = 0;
		};
/* End PBXCopyFilesBuildPhase section */

/* Begin PBXFileReference section */
		00EC4EFB73BCFD1BBD028A3A /* data_callback.h */ = {isa = PBXFileReference; explicitFileType = sourcecode.c.h; fileEncoding = 30; name = data_callback.h; path = ../../../addons/ofxMultiKinectV2/libs/protonect/include/libfreenect2/data_callback.h; sourceTree = SOURCE_ROOT; };
		024A679F5A3B638E46C3F54F /* ofxMultiKinectV2.cpp */ = {isa = PBXFileReference; explicitFileType = sourcecode.cpp.cpp; fileEncoding = 30; name = ofxMultiKinectV2.cpp; path = ../../../addons/ofxMultiKinectV2/src/ofxMultiKinectV2.cpp; sourceTree = SOURCE_ROOT; };
		028B5D90B7A28E53F2A9D48C /* depth_packet_processor.cpp */ = {isa = PBXFileReference; explicitFileType = sourcecode.cpp.cpp; fileEncoding = 30; name = depth_packet_processor.cpp; path = ../../../addons/ofxMultiKinectV2/libs/protonect/src/depth_packet_processor.cpp; sourceTree = SOURCE_ROOT; };
		0C3E5558F2CD519C440105D2 /* cl.hpp */ = {isa = PBXFileReference; explicitFileType = sourcecode.c.h; fileEncoding = 30; name = cl.hpp; path = ../../../addons/ofxMultiKinectV2/libs/protonect/include/OpenCL/cl.hpp; sourceTree = SOURCE_ROOT; };
		0CEF6445273B7C80AF524BD3 /* depth_packet_processor.h */ = {isa = PBXFileReference; explicitFileType = sourcecode.c.h; fileEncoding = 30; name = depth_packet_processor.h; path = ../../../addons/ofxMultiKinectV2/libs/protonect/include/libfreenect2/depth_packet_processor.h; sourceTree = SOURCE_ROOT; };
		1092F5117E3C92A8F3F0D680 /* frame_listener_impl.h */ = {isa = PBXFileReference; explicitFileType = sourcecode.c.h; fileEncoding = 30; name = frame_listener_impl.h; path = ../../../addons/ofxMultiKinectV2/libs/protonect/include/libfreenect2/frame_listener_impl.h; sourceTree = SOURCE_ROOT; };
		1242284EF408B8134CF3B918 /* libusb.h */ = {isa = PBXFileReference; explicitFileType = sourcecode.c.h; fileEncoding = 30; name = libusb.h; path = ../../../addons/ofxMultiKinectV2/libs/libusb/include/libusb/libusb.h; sourceTree = SOURCE_ROOT; };
		13ED2951F5F3725763336D48 /* frame_listener_impl.cpp */ = {isa = PBXFileReference; explicitFileType = sourcecode.cpp.cpp; fileEncoding = 30; name = frame_listener_impl.cpp; path = ../../../addons/ofxMultiKinectV2/libs/protonect/src/frame_listener_impl.cpp; sourceTree = SOURCE_ROOT; };
		1A8B7301B07E41A7860F065B /* depth_packet_stream_parser.cpp */ = {isa = PBXFileReference; explicitFileType = sourcecode.cpp.cpp; fileEncoding = 30; name = depth_packet_stream_parser.cpp; path = ../../../addons/ofxMultiKinectV2/libs/protonect/src/depth_packet_stream_parser.cpp; sourceTree = SOURCE_ROOT; };
		1C35AA27C9B2017ECD08031E /* response.h */ = {isa = PBXFileReference; explicitFileType = sourcecode.c.h; fileEncoding = 30; name = response.h; path = ../../../addons/ofxMultiKinectV2/libs/protonect/include/libfreenect2/protocol/response.h; sourceTree = SOURCE_ROOT; };
		2092392CBE385955D343F695 /* windows_usb.h */ = {isa = PBXFileReference; explicitFileType = sourcecode.c.h; fileEncoding = 30; name = windows_usb.h; path = ../../../addons/ofxMultiKinectV2/libs/libusb/include/libusb/os/windows_usb.h; sourceTree = SOURCE_ROOT; };
		290D0CD551CB835B114DCF77 /* threads_windows.h */ = {isa = PBXFileReference; explicitFileType = sourcecode.c.h; fileEncoding = 30; name = threads_windows.h; path = ../../../addons/ofxMultiKinectV2/libs/libusb/include/libusb/os/threads_windows.h; sourceTree = SOURCE_ROOT; };
		2DBA5E0AA9A32F1737AEC5FB /* transfer_pool.cpp */ = {isa = PBXFileReference; explicitFileType = sourcecode.cpp.cpp; fileEncoding = 30; name = transfer_pool.cpp; path = ../../../addons/ofxMultiKinectV2/libs/protonect/src/transfer_pool.cpp; sourceTree = SOURCE_ROOT; };
		3128E87323261A6DF841B1D7 /* version_nano.h */ = {isa = PBXFileReference; explicitFileType = sourcecode.c.h; fileEncoding = 30; name = version_nano.h; path = ../../../addons/ofxMultiKinectV2/libs/libusb/include/libusb/version_nano.h; sourceTree = SOURCE_ROOT; };
		32B58780621745DC53E60E84 /* hotplug.h */ = {isa = PBXFileReference; explicitFileType = sourcecode.c.h; fileEncoding = 30; name = hotplug.h; path = ../../../addons/ofxMultiKinectV2/libs/libusb/include/libusb/hotplug.h; sourceTree = SOURCE_ROOT; };
		32C3C14470FBB6951AC969FE /* usb_control.cpp */ = {isa = PBXFileReference; explicitFileType = sourcecode.cpp.cpp; fileEncoding = 30; name = usb_control.cpp; path = ../../../addons/ofxMultiKinectV2/libs/protonect/src/usb_control.cpp; sourceTree = SOURCE_ROOT; };
		32DE2C1D8F72594EE62CA55F /* poll_posix.h */ = {isa = PBXFileReference; explicitFileType = sourcecode.c.h; fileEncoding = 30; name = poll_posix.h; path = ../../../addons/ofxMultiKinectV2/libs/libusb/include/libusb/os/poll_posix.h; sourceTree = SOURCE_ROOT; };
		330CFFE5516D336DF675F32F /* libfreenect2.hpp */ = {isa = PBXFileReference; explicitFileType = sourcecode.c.h; fileEncoding = 30; name = libfreenect2.hpp; path = ../../../addons/ofxMultiKinectV2/libs/protonect/include/libfreenect2/libfreenect2.hpp; sourceTree = SOURCE_ROOT; };
		33B6A0AFCB488040F40226B3 /* threads_posix.h */ = {isa = PBXFileReference; explicitFileType = sourcecode.c.h; fileEncoding = 30; name = threads_posix.h; path = ../../../addons/ofxMultiKinectV2/libs/libusb/include/libusb/os/threads_posix.h; sourceTree = SOURCE_ROOT; };
		365C2E79415BC7E0437D6BCA /* command_transaction.h */ = {isa = PBXFileReference; explicitFileType = sourcecode.c.h; fileEncoding = 30; name = command_transaction.h; path = ../../../addons/ofxMultiKinectV2/libs/protonect/include/libfreenect2/protocol/command_transaction.h; sourceTree = SOURCE_ROOT; };
		47C38DCC9B8196C552F205F3 /* command.h */ = {isa = PBXFileReference; explicitFileType = sourcecode.c.h; fileEncoding = 30; name = command.h; path = ../../../addons/ofxMultiKinectV2/libs/protonect/include/libfreenect2/protocol/command.h; sourceTree = SOURCE_ROOT; };
		4DBB40E84DB7ABEBA9BE89EA /* event_loop.h */ = {isa = PBXFileReference; explicitFileType = sourcecode.c.h; fileEncoding = 30; name = event_loop.h; path = ../../../addons/ofxMultiKinectV2/libs/protonect/include/libfreenect2/usb/event_loop.h; sourceTree = SOURCE_ROOT; };
		52F36506CB07F8D77EFFEFB5 /* packet_pipeline.cpp */ = {isa = PBXFileReference; explicitFileType = sourcecode.cpp.cpp; fileEncoding = 30; name = packet_pipeline.cpp; path = ../../../addons/ofxMultiKinectV2/libs/protonect/src/packet_pipeline.cpp; sourceTree = SOURCE_ROOT; };
		537FE167AAF9C705AB4B4018 /* darwin_usb.h */ = {isa = PBXFileReference; explicitFileType = sourcecode.c.h; fileEncoding = 30; name = darwin_usb.h; path = ../../../addons/ofxMultiKinectV2/libs/libusb/include/libusb/os/darwin_usb.h; sourceTree = SOURCE_ROOT; };
		5435A5712B155D801A944168 /* libfreenect2.cpp */ = {isa = PBXFileReference; explicitFileType = sourcecode.cpp.cpp; fileEncoding = 30; name = libfreenect2.cpp; path = ../../../addons/ofxMultiKinectV2/libs/protonect/src/libfreenect2.cpp; sourceTree = SOURCE_ROOT; };
		5BCD8A837363FEE587A10B8A /* rgb_packet_stream_parser.cpp */ = {isa = PBXFileReference; explicitFileType = sourcecode.cpp.cpp; fileEncoding = 30; name = rgb_packet_stream_parser.cpp; path = ../../../addons/ofxMultiKinectV2/libs/protonect/src/rgb_packet_stream_parser.cpp; sourceTree = SOURCE_ROOT; };
		5E668D837A36B3ECEAC51DB1 /* resource.h */ = {isa = PBXFileReference; explicitFileType = sourcecode.c.h; fileEncoding = 30; name = resource.h; path = ../../../addons/ofxMultiKinectV2/libs/protonect/include/libfreenect2/resource.h; sourceTree = SOURCE_ROOT; };
		6577C6C436CC968B54754753 /* ofProtonect2.cpp */ = {isa = PBXFileReference; explicitFileType = sourcecode.cpp.cpp; fileEncoding = 30; name = ofProtonect2.cpp; path = ../../../addons/ofxMultiKinectV2/libs/protonect/ofProtonect2.cpp; sourceTree = SOURCE_ROOT; };
		660398151B9896EE00444604 /* OpenCL.framework */ = {isa = PBXFileReference; lastKnownFileType = wrapper.framework; name = OpenCL.framework; path = System/Library/Frameworks/OpenCL.framework; sourceTree = SDKROOT; };
		660398171B98972100444604 /* usb-1.0.0-superspeed.a */ = {isa = PBXFileReference; lastKnownFileType = archive.ar; name = "usb-1.0.0-superspeed.a"; path = "../libs/libusb/lib/osx/usb-1.0.0-superspeed.a"; sourceTree = "<group>"; };
		660398191B98973100444604 /* libturbojpeg.dylib */ = {isa = PBXFileReference; lastKnownFileType = "compiled.mach-o.dylib"; name = libturbojpeg.dylib; path = "../../ofxTurboJpeg/libs/turbo-jpeg/lib/osx/libturbojpeg.dylib"; sourceTree = "<group>"; };
		6705F5875E568572BC634B24 /* config.h */ = {isa = PBXFileReference; explicitFileType = sourcecode.c.h; fileEncoding = 30; name = config.h; path = ../../../addons/ofxMultiKinectV2/libs/protonect/include/libfreenect2/config.h; sourceTree = SOURCE_ROOT; };
		67A70991F6C8AEA14B9C90A2 /* depth_packet_stream_parser.h */ = {isa = PBXFileReference; explicitFileType = sourcecode.c.h; fileEncoding = 30; name = depth_packet_stream_parser.h; path = ../../../addons/ofxMultiKinectV2/libs/protonect/include/libfreenect2/depth_packet_stream_parser.h; sourceTree = SOURCE_ROOT; };
		67DEE4D506DC9913FDA018A0 /* rgb_packet_processor.h */ = {isa = PBXFileReference; explicitFileType = sourcecode.c.h; fileEncoding = 30; name = rgb_packet_processor.h; path = ../../../addons/ofxMultiKinectV2/libs/protonect/include/libfreenect2/rgb_packet_processor.h; sourceTree = SOURCE_ROOT; };
		6AE30026C49A5F2BF5A49504 /* GpuRegistration.h */ = {isa = PBXFileReference; explicitFileType = sourcecode.c.h; fileEncoding = 30; name = GpuRegistration.h; path = ../../../addons/ofxMultiKinectV2/src/opt/GpuRegistration.h; sourceTree = SOURCE_ROOT; };
		6B26337A665FAA10EA3539EA /* event_loop.cpp */ = {isa = PBXFileReference; explicitFileType = sourcecode.cpp.cpp; fileEncoding = 30; name = event_loop.cpp; path = ../../../addons/ofxMultiKinectV2/libs/protonect/src/event_loop.cpp; sourceTree = SOURCE_ROOT; };
		704D221776C5B84CDAB58175 /* poll_windows.h */ = {isa = PBXFileReference; explicitFileType = sourcecode.c.h; fileEncoding = 30; name = poll_windows.h; path = ../../../addons/ofxMultiKinectV2/libs/libusb/include/libusb/os/poll_windows.h; sourceTree = SOURCE_ROOT; };
		7444EE700253EF0A7112EF15 /* opencl_depth_packet_processor.cpp */ = {isa = PBXFileReference; explicitFileType = sourcecode.cpp.cpp; fileEncoding = 30; name = opencl_depth_packet_processor.cpp; path = ../../../addons/ofxMultiKinectV2/libs/protonect/src/opencl_depth_packet_processor.cpp; sourceTree = SOURCE_ROOT; };
		78C5EBDECE28E67F3ADCDCA7 /* libfreenect2.h */ = {isa = PBXFileReference; explicitFileType = sourcecode.c.h; fileEncoding = 30; name = libfreenect2.h; path = ../../../addons/ofxMultiKinectV2/libs/libfreenect2/include/libfreenect2.h; sourceTree = SOURCE_ROOT; };
		791BB9B9B6DB06F68CD36BE4 /* registration.cpp */ = {isa = PBXFileReference; explicitFileType = sourcecode.cpp.cpp; fileEncoding = 30; name = registration.cpp; path = ../../../addons/ofxMultiKinectV2/libs/protonect/src/registration.cpp; sourceTree = SOURCE_ROOT; };
		7FF8E6597ED53F0B5B14F6E3 /* packet_pipeline.h */ = {isa = PBXFileReference; explicitFileType = sourcecode.c.h; fileEncoding = 30; name = packet_pipeline.h; path = ../../../addons/ofxMultiKinectV2/libs/protonect/include/libfreenect2/packet_pipeline.h; sourceTree = SOURCE_ROOT; };
		816449767129EBFC97DADE00 /* ofxMultiKinectV2.h */ = {isa = PBXFileReference; explicitFileType = sourcecode.c.h; fileEncoding = 30; name = ofxMultiKinectV2.h; path = ../../../addons/ofxMultiKinectV2/src/ofxMultiKinectV2.h; sourceTree = SOURCE_ROOT; };
		86393029E349167F492BCA1C /* timer_util.cpp */ = {isa = PBXFileReference; explicitFileType = sourcecode.cpp.cpp; fileEncoding = 30; name = timer_util.cpp; path = ../../../addons/ofxMultiKinectV2/libs/protonect/src/timer_util.cpp; sourceTree = SOURCE_ROOT; };
		8A6A1999CCC6DA2F394FA140 /* version.h */ = {isa = PBXFileReference; explicitFileType = sourcecode.c.h; fileEncoding = 30; name = version.h; path = ../../../addons/ofxMultiKinectV2/libs/libusb/include/libusb/version.h; sourceTree = SOURCE_ROOT; };
		8B0FE759D9212A5456551E25 /* rgb_packet_processor.cpp */ = {isa = PBXFileReference; explicitFileType = sourcecode.cpp.cpp; fileEncoding = 30; name = rgb_packet_processor.cpp; path = ../../../addons/ofxMultiKinectV2/libs/protonect/src/rgb_packet_processor.cpp; sourceTree = SOURCE_ROOT; };
		8C52CDB6CF9EAD9697F691A6 /* threading.h */ = {isa = PBXFileReference; explicitFileType = sourcecode.c.h; fileEncoding = 30; name = threading.h; path = ../../../addons/ofxMultiKinectV2/libs/protonect/include/libfreenect2/threading.h; sourceTree = SOURCE_ROOT; };
		8C98D5F35C8E9E3D1DA04279 /* rgb_packet_stream_parser.h */ = {isa = PBXFileReference; explicitFileType = sourcecode.c.h; fileEncoding = 30; name = rgb_packet_stream_parser.h; path = ../../../addons/ofxMultiKinectV2/libs/protonect/include/libfreenect2/rgb_packet_stream_parser.h; sourceTree = SOURCE_ROOT; };
		8CE5BC5A01CE5C55E2DCA340 /* GpuRegistration.cpp */ = {isa = PBXFileReference; explicitFileType = sourcecode.cpp.cpp; fileEncoding = 30; name = GpuRegistration.cpp; path = ../../../addons/ofxMultiKinectV2/src/opt/GpuRegistration.cpp; sourceTree = SOURCE_ROOT; };
		8D69533A53ED061E713EAF84 /* ofxTurboJpeg.h */ = {isa = PBXFileReference; explicitFileType = sourcecode.c.h; fileEncoding = 30; name = ofxTurboJpeg.h; path = ../../../addons/ofxTurboJpeg/src/ofxTurboJpeg.h; sourceTree = SOURCE_ROOT; };
		8FFBD4AA1287C7815210614B /* flextGL.h */ = {isa = PBXFileReference; explicitFileType = sourcecode.c.h; fileEncoding = 30; name = flextGL.h; path = ../../../addons/ofxMultiKinectV2/libs/protonect/src/flextGL.h; sourceTree = SOURCE_ROOT; };
		9B69148794E015D982DD304C /* transfer_pool.h */ = {isa = PBXFileReference; explicitFileType = sourcecode.c.h; fileEncoding = 30; name = transfer_pool.h; path = ../../../addons/ofxMultiKinectV2/libs/protonect/include/libfreenect2/usb/transfer_pool.h; sourceTree = SOURCE_ROOT; };
		9E7653E5DCD9C960B0FBF0A6 /* frame_listener.hpp */ = {isa = PBXFileReference; explicitFileType = sourcecode.c.h; fileEncoding = 30; name = frame_listener.hpp; path = ../../../addons/ofxMultiKinectV2/libs/protonect/include/libfreenect2/frame_listener.hpp; sourceTree = SOURCE_ROOT; };
		A7E727F16B52CE8AE7E497A6 /* usb_control.h */ = {isa = PBXFileReference; explicitFileType = sourcecode.c.h; fileEncoding = 30; name = usb_control.h; path = ../../../addons/ofxMultiKinectV2/libs/protonect/include/libfreenect2/protocol/usb_control.h; sourceTree = SOURCE_ROOT; };
		A934284D1F7E9DFFB36308B6 /* async_packet_processor.h */ = {isa = PBXFileReference; explicitFileType = sourcecode.c.h; fileEncoding = 30; name = async_packet_processor.h; path = ../../../addons/ofxMultiKinectV2/libs/protonect/include/libfreenect2/async_packet_processor.h; sourceTree = SOURCE_ROOT; };
		B520B4DB5BEB456424B45D93 /* libusbi.h */ = {isa = PBXFileReference; explicitFileType = sourcecode.c.h; fileEncoding = 30; name = libusbi.h; path = ../../../addons/ofxMultiKinectV2/libs/libusb/include/libusb/libusbi.h; sourceTree = SOURCE_ROOT; };
		B528268DF551BB54B392AFEC /* libusb.h */ = {isa = PBXFileReference; explicitFileType = sourcecode.c.h; fileEncoding = 30; name = libusb.h; path = ../../../addons/ofxMultiKinectV2/libs/protonect/src/libusb.h; sourceTree = SOURCE_ROOT; };
		B5AB4790CCBF9DC3BA442599 /* linux_usbfs.h */ = {isa = PBXFileReference; explicitFileType = sourcecode.c.h; fileEncoding = 30; name = linux_usbfs.h; path = ../../../addons/ofxMultiKinectV2/libs/libusb/include/libusb/os/linux_usbfs.h; sourceTree = SOURCE_ROOT; };
		B6CECC732C92DCA071D23956 /* tinythread.cpp */ = {isa = PBXFileReference; explicitFileType = sourcecode.cpp.cpp; fileEncoding = 30; name = tinythread.cpp; path = ../../../addons/ofxMultiKinectV2/libs/protonect/src/tinythread/tinythread.cpp; sourceTree = SOURCE_ROOT; };
		BA50CE4E3327FFDDDC1CCE00 /* packet_processor.h */ = {isa = PBXFileReference; explicitFileType = sourcecode.c.h; fileEncoding = 30; name = packet_processor.h; path = ../../../addons/ofxMultiKinectV2/libs/protonect/include/libfreenect2/packet_processor.h; sourceTree = SOURCE_ROOT; };
		BFCBBFCAA2C92729B296C958 /* turbojpeg.h */ = {isa = PBXFileReference; explicitFileType = sourcecode.c.h; fileEncoding = 30; name = turbojpeg.h; path = "../../../addons/ofxTurboJpeg/libs/turbo-jpeg/include/turbojpeg.h"; sourceTree = SOURCE_ROOT; };
		C9DF41FC543772A53EF4419D /* windows_common.h */ = {isa = PBXFileReference; explicitFileType = sourcecode.c.h; fileEncoding = 30; name = windows_common.h; path = ../../../addons/ofxMultiKinectV2/libs/libusb/include/libusb/os/windows_common.h; sourceTree = SOURCE_ROOT; };
		CC7594CA5E21F32F237CA87E /* ofxTurboJpeg.cpp */ = {isa = PBXFileReference; explicitFileType = sourcecode.cpp.cpp; fileEncoding = 30; name = ofxTurboJpeg.cpp; path = ../../../addons/ofxTurboJpeg/src/ofxTurboJpeg.cpp; sourceTree = SOURCE_ROOT; };
		CF57D0512CE8483FBCBE75C6 /* tinythread.h */ = {isa = PBXFileReference; explicitFileType = sourcecode.c.h; fileEncoding = 30; name = tinythread.h; path = ../../../addons/ofxMultiKinectV2/libs/protonect/src/tinythread/tinythread.h; sourceTree = SOURCE_ROOT; };
		D0D54030BF8DDF5C1ED2F6F5 /* double_buffer.h */ = {isa = PBXFileReference; explicitFileType = sourcecode.c.h; fileEncoding = 30; name = double_buffer.h; path = ../../../addons/ofxMultiKinectV2/libs/protonect/include/libfreenect2/double_buffer.h; sourceTree = SOURCE_ROOT; };
		D2913132EB6C9A270EC68F96 /* double_buffer.cpp */ = {isa = PBXFileReference; explicitFileType = sourcecode.cpp.cpp; fileEncoding = 30; name = double_buffer.cpp; path = ../../../addons/ofxMultiKinectV2/libs/protonect/src/double_buffer.cpp; sourceTree = SOURCE_ROOT; };
		D31118558182361E7E095709 /* wince_usb.h */ = {isa = PBXFileReference; explicitFileType = sourcecode.c.h; fileEncoding = 30; name = wince_usb.h; path = ../../../addons/ofxMultiKinectV2/libs/libusb/include/libusb/os/wince_usb.h; sourceTree = SOURCE_ROOT; };
		DB1B00F78146763819297551 /* resource.cpp */ = {isa = PBXFileReference; explicitFileType = sourcecode.cpp.cpp; fileEncoding = 30; name = resource.cpp; path = ../../../addons/ofxMultiKinectV2/libs/protonect/src/resource.cpp; sourceTree = SOURCE_ROOT; };
		E4328143138ABC890047C5CB /* openFrameworksLib.xcodeproj */ = {isa = PBXFileReference; lastKnownFileType = "wrapper.pb-project"; name = openFrameworksLib.xcodeproj; path = ../../../libs/openFrameworksCompiled/project/osx/openFrameworksLib.xcodeproj; sourceTree = SOURCE_ROOT; };
		E4B69B5B0A3A1756003C02F2 /* example_pointcloudDebug.app */ = {isa = PBXFileReference; explicitFileType = wrapper.application; includeInIndex = 0; path = example_pointcloudDebug.app; sourceTree = BUILT_PRODUCTS_DIR; };
		E4B69E1E0A3A1BDC003C02F2 /* ofApp.cpp */ = {isa = PBXFileReference; explicitFileType = sourcecode.cpp.cpp; fileEncoding = 30; name = ofApp.cpp; path = src/ofApp.cpp; sourceTree = SOURCE_ROOT; };
		E4B6FCAD0C3E899E008CF71C /* openFrameworks-Info.plist */ = {isa = PBXFileReference; fileEncoding = 30; lastKnownFileType = text.plist.xml; path = "openFrameworks-Info.plist"; sourceTree = "<group>"; };
		E4EB691F138AFCF100A09F29 /* CoreOF.xcconfig */ = {isa = PBXFileReference; fileEncoding = 4; lastKnownFileType = text.xcconfig; name = CoreOF.xcconfig; path = ../../../libs/openFrameworksCompiled/project/osx/CoreOF.xcconfig; sourceTree = SOURCE_ROOT; };
		E4EB6923138AFD0F00A09F29 /* Project.xcconfig */ = {isa = PBXFileReference; fileEncoding = 4; lastKnownFileType = text.xcconfig; path = Project.xcconfig; sourceTree = "<group>"; };
		E81C429FD97091A2EF4714A4 /* registration.h */ = {isa = PBXFileReference; explicitFileType = sourcecode.c.h; fileEncoding = 30; name = registration.h; path = ../../../addons/ofxMultiKinectV2/libs/protonect/include/libfreenect2/registration.h; sourceTree = SOURCE_ROOT; };
		F04838C7C79E9099D16C2AB5 /* command_transaction.cpp */ = {isa = PBXFileReference; explicitFileType = sourcecode.cpp.cpp; fileEncoding = 30; name = command_transaction.cpp; path = ../../../addons/ofxMultiKinectV2/libs/protonect/src/command_transaction.cpp; sourceTree = SOURCE_ROOT; };
		F13F8177847ACCE86E129F17 /* opengl.h */ = {isa = PBXFileReference; explicitFileType = sourcecode.c.h; fileEncoding = 30; name = opengl.h; path = ../../../addons/ofxMultiKinectV2/libs/protonect/include/libfreenect2/opengl.h; sourceTree = SOURCE_ROOT; };
		F901C2C00904886F60C23243 /* timer_util.h */ = {isa = PBXFileReference; explicitFileType = sourcecode.c.h; fileEncoding = 30; name = timer_util.h; path = ../../../addons/ofxMultiKinectV2/libs/protonect/src/timer_util.h; sourceTree = SOURCE_ROOT; };
		FA0F389540805471F1153D4D /* ofProtonect2.h */ = {isa = PBXFileReference; explicitFileType = sourcecode.c.h; fileEncoding = 30; name = ofProtonect2.h; path = ../../../addons/ofxMultiKinectV2/libs/protonect/ofProtonect2.h; sourceTree = SOURCE_ROOT; };
/* End PBXFileReference section */

/* Begin PBXFrameworksBuildPhase section */
		E4B69B590A3A1756003C02F2 /* Frameworks */ = {
			isa = PBXFrameworksBuildPhase;
			buildActionMask = 2147483647;
			files = (
				6603981A1B98973100444604 /* libturbojpeg.dylib in Frameworks */,
				660398181B98972100444604 /* usb-1.0.0-superspeed.a in Frameworks */,
				660398161B9896EE00444604 /* OpenCL.framework in Frameworks */,
				E4328149138ABC9F0047C5CB /* openFrameworksDebug.a in Frameworks */,
			);
			runOnlyForDeploymentPostprocessing = 0;
		};
/* End PBXFrameworksBuildPhase section */

/* Begin PBXGroup section */
		06E31D3687118797DD86DB35 /* protonect */ = {
			isa = PBXGroup;
			children = (
				265F9CA8A55E5B77CE72F14D /* include */,
				6577C6C436CC968B54754753 /* ofProtonect2.cpp */,
				FA0F389540805471F1153D4D /* ofProtonect2.h */,
				629832B7473DBAE078F41810 /* src */,
			);
			name = protonect;
			sourceTree = "<group>";
		};
		08C878D8130FA00DA64C30AC /* include */ = {
			isa = PBXGroup;
			children = (
				BFCBBFCAA2C92729B296C958 /* turbojpeg.h */,
			);
			name = include;
			sourceTree = "<group>";
		};
		145D6EA134B9A919361BBFFD /* include */ = {
			isa = PBXGroup;
			children = (
				EF611D40F31C6422321FC744 /* libusb */,
			);
			name = include;
			sourceTree = "<group>";
		};
		1CC4EDAF603621813F6401A0 /* tinythread */ = {
			isa = PBXGroup;
			children = (
				B6CECC732C92DCA071D23956 /* tinythread.cpp */,
				CF57D0512CE8483FBCBE75C6 /* tinythread.h */,
			);
			name = tinythread;
			sourceTree = "<group>";
		};
		265F9CA8A55E5B77CE72F14D /* include */ = {
			isa = PBXGroup;
			children = (
				994F3669B9B8D20712C45E16 /* libfreenect2 */,
				A86A6B56E9FF2EFBC942D5F9 /* OpenCL */,
			);
			name = include;
			sourceTree = "<group>";
		};
		29507F94FC17E77F52D317B9 /* src */ = {
			isa = PBXGroup;
			children = (
				CC7594CA5E21F32F237CA87E /* ofxTurboJpeg.cpp */,
				8D69533A53ED061E713EAF84 /* ofxTurboJpeg.h */,
			);
			name = src;
			sourceTree = "<group>";
		};
		334E8B760835B4E270BF0E5C /* ofxTurboJpeg */ = {
			isa = PBXGroup;
			children = (
				29507F94FC17E77F52D317B9 /* src */,
				E8D8322AC55A1203909A29FE /* libs */,
			);
			name = ofxTurboJpeg;
			sourceTree = "<group>";
		};
		5E3FC5250F639CB045A17846 /* usb */ = {
			isa = PBXGroup;
			children = (
				4DBB40E84DB7ABEBA9BE89EA /* event_loop.h */,
				9B69148794E015D982DD304C /* transfer_pool.h */,
			);
			name = usb;
			sourceTree = "<group>";
		};
		61036B9EFB049EE1F7F28852 /* include */ = {
			isa = PBXGroup;
			children = (
				78C5EBDECE28E67F3ADCDCA7 /* libfreenect2.h */,
			);
			name = include;
			sourceTree = "<group>";
		};
		629832B7473DBAE078F41810 /* src */ = {
			isa = PBXGroup;
			children = (
				F04838C7C79E9099D16C2AB5 /* command_transaction.cpp */,
				028B5D90B7A28E53F2A9D48C /* depth_packet_processor.cpp */,
				1A8B7301B07E41A7860F065B /* depth_packet_stream_parser.cpp */,
				D2913132EB6C9A270EC68F96 /* double_buffer.cpp */,
				6B26337A665FAA10EA3539EA /* event_loop.cpp */,
				8FFBD4AA1287C7815210614B /* flextGL.h */,
				13ED2951F5F3725763336D48 /* frame_listener_impl.cpp */,
				5435A5712B155D801A944168 /* libfreenect2.cpp */,
				B528268DF551BB54B392AFEC /* libusb.h */,
				7444EE700253EF0A7112EF15 /* opencl_depth_packet_processor.cpp */,
				52F36506CB07F8D77EFFEFB5 /* packet_pipeline.cpp */,
				791BB9B9B6DB06F68CD36BE4 /* registration.cpp */,
				DB1B00F78146763819297551 /* resource.cpp */,
				8B0FE759D9212A5456551E25 /* rgb_packet_processor.cpp */,
				5BCD8A837363FEE587A10B8A /* rgb_packet_stream_parser.cpp */,
				86393029E349167F492BCA1C /* timer_util.cpp */,
				F901C2C00904886F60C23243 /* timer_util.h */,
				1CC4EDAF603621813F6401A0 /* tinythread */,
				2DBA5E0AA9A32F1737AEC5FB /* transfer_pool.cpp */,
				32C3C14470FBB6951AC969FE /* usb_control.cpp */,
			);
			name = src;
			sourceTree = "<group>";
		};
		6948EE371B920CB800B5AC1A /* frameworks */ = {
			isa = PBXGroup;
			children = (
				660398191B98973100444604 /* libturbojpeg.dylib */,
				660398171B98972100444604 /* usb-1.0.0-superspeed.a */,
				660398151B9896EE00444604 /* OpenCL.framework */,
			);
			name = frameworks;
			sourceTree = "<group>";
		};
		852386D79098F0A9D41EA0AE /* libfreenect2 */ = {
			isa = PBXGroup;
			children = (
				61036B9EFB049EE1F7F28852 /* include */,
			);
			name = libfreenect2;
			sourceTree = "<group>";
		};
		95DA0149F6FE8A2707A30A41 /* ofxMultiKinectV2 */ = {
			isa = PBXGroup;
			children = (
				B87DD76C4FB05646B9846249 /* src */,
				B1EA6804299B067BB532E788 /* libs */,
			);
			name = ofxMultiKinectV2;
			sourceTree = "<group>";
		};
		994F3669B9B8D20712C45E16 /* libfreenect2 */ = {
			isa = PBXGroup;
			children = (
				A934284D1F7E9DFFB36308B6 /* async_packet_processor.h */,
				6705F5875E568572BC634B24 /* config.h */,
				00EC4EFB73BCFD1BBD028A3A /* data_callback.h */,
				0CEF6445273B7C80AF524BD3 /* depth_packet_processor.h */,
				67A70991F6C8AEA14B9C90A2 /* depth_packet_stream_parser.h */,
				D0D54030BF8DDF5C1ED2F6F5 /* double_buffer.h */,
				9E7653E5DCD9C960B0FBF0A6 /* frame_listener.hpp */,
				1092F5117E3C92A8F3F0D680 /* frame_listener_impl.h */,
				330CFFE5516D336DF675F32F /* libfreenect2.hpp */,
				F13F8177847ACCE86E129F17 /* opengl.h */,
				7FF8E6597ED53F0B5B14F6E3 /* packet_pipeline.h */,
				BA50CE4E3327FFDDDC1CCE00 /* packet_processor.h */,
				B225ED61145B370CC09C282F /* protocol */,
				E81C429FD97091A2EF4714A4 /* registration.h */,
				5E668D837A36B3ECEAC51DB1 /* resource.h */,
				67DEE4D506DC9913FDA018A0 /* rgb_packet_processor.h */,
				8C98D5F35C8E9E3D1DA04279 /* rgb_packet_stream_parser.h */,
				8C52CDB6CF9EAD9697F691A6 /* threading.h */,
				5E3FC5250F639CB045A17846 /* usb */,
			);
			name = libfreenect2;
			sourceTree = "<group>";
		};
		A86A6B56E9FF2EFBC942D5F9 /* OpenCL */ = {
			isa = PBXGroup;
			children = (
				0C3E5558F2CD519C440105D2 /* cl.hpp */,
			);
			name = OpenCL;
			sourceTree = "<group>";
		};
		B1EA6804299B067BB532E788 /* libs */ = {
			isa = PBXGroup;
			children = (
				852386D79098F0A9D41EA0AE /* libfreenect2 */,
				F6BD98D998A421678C36489C /* libusb */,
				06E31D3687118797DD86DB35 /* protonect */,
			);
			name = libs;
			sourceTree = "<group>";
		};
		B225ED61145B370CC09C282F /* protocol */ = {
			isa = PBXGroup;
			children = (
				47C38DCC9B8196C552F205F3 /* command.h */,
				365C2E79415BC7E0437D6BCA /* command_transaction.h */,
				1C35AA27C9B2017ECD08031E /* response.h */,
				A7E727F16B52CE8AE7E497A6 /* usb_control.h */,
			);
			name = protocol;
			sourceTree = "<group>";
		};
		B87DD76C4FB05646B9846249 /* src */ = {
			isa = PBXGroup;
			children = (
				024A679F5A3B638E46C3F54F /* ofxMultiKinectV2.cpp */,
				816449767129EBFC97DADE00 /* ofxMultiKinectV2.h */,
				E83C6B00A8BCC5059DEC7337 /* opt */,
			);
			name = src;
			sourceTree = "<group>";
		};
		BB4B014C10F69532006C3DED /* addons */ = {
			isa = PBXGroup;
			children = (
				95DA0149F6FE8A2707A30A41 /* ofxMultiKinectV2 */,
				334E8B760835B4E270BF0E5C /* ofxTurboJpeg */,
			);
			name = addons;
			sourceTree = "<group>";
		};
		E4328144138ABC890047C5CB /* Products */ = {
			isa = PBXGroup;
			children = (
				E4328148138ABC890047C5CB /* openFrameworksDebug.a */,
			);
			name = Products;
			sourceTree = "<group>";
		};
		E4B69B4A0A3A1720003C02F2 = {
			isa = PBXGroup;
			children = (
				E4B6FCAD0C3E899E008CF71C /* openFrameworks-Info.plist */,
				E4EB6923138AFD0F00A09F29 /* Project.xcconfig */,
				E4B69E1C0A3A1BDC003C02F2 /* src */,
				E4EEC9E9138DF44700A80321 /* openFrameworks */,
				BB4B014C10F69532006C3DED /* addons */,
				6948EE371B920CB800B5AC1A /* frameworks */,
				E4B69B5B0A3A1756003C02F2 /* example_pointcloudDebug.app */,
			);
			sourceTree = "<group>";
		};
		E4B69E1C0A3A1BDC003C02F2 /* src */ = {
			isa = PBXGroup;
			children = (
				E4B69E1E0A3A1BDC003C02F2 /* ofApp.cpp */,
			);
			path = src;
			sourceTree = SOURCE_ROOT;
		};
		E4EEC9E9138DF44700A80321 /* openFrameworks */ = {
			isa = PBXGroup;
			children = (
				E4EB691F138AFCF100A09F29 /* CoreOF.xcconfig */,
				E4328143138ABC890047C5CB /* openFrameworksLib.xcodeproj */,
			);
			name = openFrameworks;
			sourceTree = "<group>";
		};
		E527E5950935493D9F31017A /* os */ = {
			isa = PBXGroup;
			children = (
				537FE167AAF9C705AB4B4018 /* darwin_usb.h */,
				B5AB4790CCBF9DC3BA442599 /* linux_usbfs.h */,
				32DE2C1D8F72594EE62CA55F /* poll_posix.h */,
				704D221776C5B84CDAB58175 /* poll_windows.h */,
				33B6A0AFCB488040F40226B3 /* threads_posix.h */,
				290D0CD551CB835B114DCF77 /* threads_windows.h */,
				D31118558182361E7E095709 /* wince_usb.h */,
				C9DF41FC543772A53EF4419D /* windows_common.h */,
				2092392CBE385955D343F695 /* windows_usb.h */,
			);
			name = os;
			sourceTree = "<group>";
		};
		E83C6B00A8BCC5059DEC7337 /* opt */ = {
			isa = PBXGroup;
			children = (
				8CE5BC5A01CE5C55E2DCA340 /* GpuRegistration.cpp */,
				6AE30026C49A5F2BF5A49504 /* GpuRegistration.h */,
			);
			name = opt;
			sourceTree = "<group>";
		};
		E8D8322AC55A1203909A29FE /* libs */ = {
			isa = PBXGroup;
			children = (
				FBCF5E7B85CE61B729846783 /* turbo-jpeg */,
			);
			name = libs;
			sourceTree = "<group>";
		};
		EF611D40F31C6422321FC744 /* libusb */ = {
			isa = PBXGroup;
			children = (
				32B58780621745DC53E60E84 /* hotplug.h */,
				1242284EF408B8134CF3B918 /* libusb.h */,
				B520B4DB5BEB456424B45D93 /* libusbi.h */,
				E527E5950935493D9F31017A /* os */,
				8A6A1999CCC6DA2F394FA140 /* version.h */,
				3128E87323261A6DF841B1D7 /* version_nano.h */,
			);
			name = libusb;
			sourceTree = "<group>";
		};
		F6BD98D998A421678C36489C /* libusb */ = {
			isa = PBXGroup;
			children = (
				145D6EA134B9A919361BBFFD /* include */,
			);
			name = libusb;
			sourceTree = "<group>";
		};
		FBCF5E7B85CE61B729846783 /* turbo-jpeg */ = {
			isa = PBXGroup;
			children = (
				08C878D8130FA00DA64C30AC /* include */,
			);
			name = "turbo-jpeg";
			sourceTree = "<group>";
		};
/* End PBXGroup section */

/* Begin PBXNativeTarget section */
		E4B69B5A0A3A1756003C02F2 /* example_pointcloud */ = {
			isa = PBXNativeTarget;
			buildConfigurationList = E4B69B5F0A3A1757003C02F2 /* Build configuration list for PBXNativeTarget "example_pointcloud" */;
			buildPhases = (
				E4B69B580A3A1756003C02F2 /* Sources */,
				E4B69B590A3A1756003C02F2 /* Frameworks */,
				E4B6FFFD0C3F9AB9008CF71C /* ShellScript */,
				E4C2427710CC5ABF004149E2 /* CopyFiles */,
			);
			buildRules = (
			);
			dependencies = (
				E4EEB9AC138B136A00A80321 /* PBXTargetDependency */,
			);
			name = example_pointcloud;
			productName = myOFApp;
			productReference = E4B69B5B0A3A1756003C02F2 /* example_pointcloudDebug.app */;
			productType = "com.apple.product-type.application";
		};
/* End PBXNativeTarget section */

/* Begin PBXProject section */
		E4B69B4C0A3A1720003C02F2 /* Project object */ = {
			isa = PBXProject;
			attributes = {
				LastUpgradeCheck = 0600;
			};
			buildConfigurationList = E4B69B4D0A3A1720003C02F2 /* Build configuration list for PBXProject "example_pointcloud" */;
			compatibilityVersion = "Xcode 3.2";
			developmentRegion = English;
			hasScannedForEncodings = 0;
			knownRegions = (
				English,
				Japanese,
				French,
				German,
			);
			mainGroup = E4B69B4A0A3A1720003C02F2;
			productRefGroup = E4B69B4A0A3A1720003C02F2;
			projectDirPath = "";
			projectReferences = (
				{
					ProductGroup = E4328144138ABC890047C5CB /* Products */;
					ProjectRef = E4328143138ABC890047C5CB /* openFrameworksLib.xcodeproj */;
				},
			);
			projectRoot = "";
			targets = (
				E4B69B5A0A3A1756003C02F2 /* example_pointcloud */,
			);
		};
/* End PBXProject section */

/* Begin PBXReferenceProxy section */
		E4328148138ABC890047C5CB /* openFrameworksDebug.a */ = {
			isa = PBXReferenceProxy;
			fileType = archive.ar;
			path = openFrameworksDebug.a;
			remoteRef = E4328147138ABC890047C5CB /* PBXContainerItemProxy */;
			sourceTree = BUILT_PRODUCTS_DIR;
		};
/* End PBXReferenceProxy section */

/* Begin PBXShellScriptBuildPhase section */
		E4B6FFFD0C3F9AB9008CF71C /* ShellScript */ = {
			isa = PBXShellScriptBuildPhase;
			buildActionMask = 2147483647;
			files = (
			);
			inputPaths = (
			);
			outputPaths = (
			);
			runOnlyForDeploymentPostprocessing = 0;
			shellPath = /bin/sh;
			shellScript = "rsync -aved ../../../libs/fmodex/lib/osx/libfmodex.dylib \"$TARGET_BUILD_DIR/$PRODUCT_NAME.app/Contents/MacOS/\"; install_name_tool -change ./libfmodex.dylib @executable_path/libfmodex.dylib \"$TARGET_BUILD_DIR/$PRODUCT_NAME.app/Contents/MacOS/$PRODUCT_NAME\";\nmkdir -p \"$TARGET_BUILD_DIR/$PRODUCT_NAME.app/Contents/Resources/\"\nrsync -aved \"$ICON_FILE\" \"$TARGET_BUILD_DIR/$PRODUCT_NAME.app/Contents/Resources/\"\nrsync -aved ../../../libs/glut/lib/osx/GLUT.framework \"$TARGET_BUILD_DIR/$PRODUCT_NAME.app/Contents/Frameworks/\"\n";
		};
/* End PBXShellScriptBuildPhase section */

/* Begin PBXSourcesBuildPhase section */
		E4B69B580A3A1756003C02F2 /* Sources */ = {
			isa = PBXSourcesBuildPhase;
			buildActionMask = 2147483647;
			files = (
				E4B69E210A3A1BDC003C02F2 /* ofApp.cpp in Sources */,
				A7C0D61E90A5E31756CB3030 /* ofxMultiKinectV2.cpp in Sources */,
				879FF62052195AD1A4F2D72E /* GpuRegistration.cpp in Sources */,
				8D0B283FA19BACFC2D3533EE /* ofProtonect2.cpp in Sources */,
				359D74FB5990FB665F2460D7 /* command_transaction.cpp in Sources */,
				995FA44819CBE344F3A99015 /* depth_packet_processor.cpp in Sources */,
				90CFBDC258050F2A76C52BAD /* depth_packet_stream_parser.cpp in Sources */,
				1A47AFF830CB14C0AECAEED1 /* double_buffer.cpp in Sources */,
				E990FBDAC846F3CAA8775E66 /* event_loop.cpp in Sources */,
				6A6AE11E97926C5BE00EAEF1 /* frame_listener_impl.cpp in Sources */,
				1B63CA8565B65E6AA43C05BD /* libfreenect2.cpp in Sources */,
				118599A3612302C6AD2DD073 /* opencl_depth_packet_processor.cpp in Sources */,
				7BB04936B6F377900D52306A /* packet_pipeline.cpp in Sources */,
				B0614948E4D65AD3DC7B0C12 /* registration.cpp in Sources */,
				F3B32813EFF37A002E25A954 /* resource.cpp in Sources */,
				0B58C2977BCFDF6E51C80FC3 /* rgb_packet_processor.cpp in Sources */,
				E98D59F70F0B38F59FDE2FA5 /* rgb_packet_stream_parser.cpp in Sources */,
				39E9063CA63B44BFBFA80F35 /* timer_util.cpp in Sources */,
				D32DE697B467335CD8BB32C0 /* tinythread.cpp in Sources */,
				4B0F3D1EB29CB557D89CA9A2 /* transfer_pool.cpp in Sources */,
				15BE216EAD19C22ACF6F15E1 /* usb_control.cpp in Sources */,
				34A1CD0B670B0A4266464779 /* ofxTurboJpeg.cpp in Sources */,
			);
			runOnlyForDeploymentPostprocessing = 0;
		};
/* End PBXSourcesBuildPhase section */

/* Begin PBXTargetDependency section */
		E4EEB9AC138B136A00A80321 /* PBXTargetDependency */ = {
			isa = PBXTargetDependency;
			name = openFrameworks;
			targetProxy = E4EEB9AB138B136A00A80321 /* PBXContainerItemProxy */;
		};
/* End PBXTargetDependency section */

/* Begin XCBuildConfiguration section */
		E4B69B4E0A3A1720003C02F2 /* Debug */ = {
			isa = XCBuildConfiguration;
			baseConfigurationReference = E4EB6923138AFD0F00A09F29 /* Project.xcconfig */;
			buildSettings = {
				CONFIGURATION_BUILD_DIR = "$(SRCROOT)/bin/";
				COPY_PHASE_STRIP = NO;
				DEAD_CODE_STRIPPING = YES;
				GCC_AUTO_VECTORIZATION = YES;
				GCC_ENABLE_SSE3_EXTENSIONS = YES;
				GCC_ENABLE_SUPPLEMENTAL_SSE3_INSTRUCTIONS = YES;
				GCC_INLINES_ARE_PRIVATE_EXTERN = NO;
				GCC_OPTIMIZATION_LEVEL = 0;
				GCC_SYMBOLS_PRIVATE_EXTERN = NO;
				GCC_WARN_ABOUT_DEPRECATED_FUNCTIONS = YES;
				GCC_WARN_ABOUT_INVALID_OFFSETOF_MACRO = NO;
				GCC_WARN_ALLOW_INCOMPLETE_PROTOCOL = NO;
				GCC_WARN_UNINITIALIZED_AUTOS = NO;
				GCC_WARN_UNUSED_VALUE = NO;
				GCC_WARN_UNUSED_VARIABLE = NO;
				HEADER_SEARCH_PATHS = (
					"$(OF_CORE_HEADERS)",
					../../../addons/ofxMultiKinectV2/libs,
					../../../addons/ofxMultiKinectV2/libs/libfreenect2,
					../../../addons/ofxMultiKinectV2/libs/libfreenect2/include,
					../../../addons/ofxMultiKinectV2/libs/libusb,
					../../../addons/ofxMultiKinectV2/libs/libusb/include,
					../../../addons/ofxMultiKinectV2/libs/libusb/include/libusb,
					../../../addons/ofxMultiKinectV2/libs/libusb/include/libusb/os,
					../../../addons/ofxMultiKinectV2/libs/libusb/lib,
					../../../addons/ofxMultiKinectV2/libs/libusb/lib/osx,
					../../../addons/ofxMultiKinectV2/libs/protonect,
					../../../addons/ofxMultiKinectV2/libs/protonect/include,
					../../../addons/ofxMultiKinectV2/libs/protonect/include/OpenCL,
					../../../addons/ofxMultiKinectV2/libs/protonect/include/libfreenect2,
					../../../addons/ofxMultiKinectV2/libs/protonect/include/libfreenect2/protocol,
					../../../addons/ofxMultiKinectV2/libs/protonect/include/libfreenect2/usb,
					../../../addons/ofxMultiKinectV2/libs/protonect/src,
					../../../addons/ofxMultiKinectV2/libs/protonect/src/tinythread,
					../../../addons/ofxMultiKinectV2/src,
					../../../addons/ofxMultiKinectV2/src/opt,
					../../../addons/ofxTurboJpeg/libs,
					"../../../addons/ofxTurboJpeg/libs/turbo-jpeg",
					"../../../addons/ofxTurboJpeg/libs/turbo-jpeg/include",
					"../../../addons/ofxTurboJpeg/libs/turbo-jpeg/lib",
					"../../../addons/ofxTurboJpeg/libs/turbo-jpeg/lib/osx",
					../../../addons/ofxTurboJpeg/src,
				);
				MACOSX_DEPLOYMENT_TARGET = 10.8;
				ONLY_ACTIVE_ARCH = YES;
				OTHER_CPLUSPLUSFLAGS = (
					"-D__MACOSX_CORE__",
					"-mtune=native",
				);
				OTHER_LDFLAGS = (
					"$(OF_CORE_FRAMEWORKS)",
					"$(OF_CORE_LIBS)",
					"../../../addons/ofxMultiKinectV2/libs/libusb/lib/osx/usb-1.0.0-superspeed.a",
					"../../../addons/ofxTurboJpeg/libs/turbo-jpeg/lib/osx/libturbojpeg.dylib",
				);
				SDKROOT = macosx;
			};
			name = Debug;
		};
		E4B69B4F0A3A1720003C02F2 /* Release */ = {
			isa = XCBuildConfiguration;
			baseConfigurationReference = E4EB6923138AFD0F00A09F29 /* Project.xcconfig */;
			buildSettings = {
				CONFIGURATION_BUILD_DIR = "$(SRCROOT)/bin/";
				COPY_PHASE_STRIP = YES;
				DEAD_CODE_STRIPPING = YES;
				GCC_AUTO_VECTORIZATION = YES;
				GCC_ENABLE_SSE3_EXTENSIONS = YES;
				GCC_ENABLE_SUPPLEMENTAL_SSE3_INSTRUCTIONS = YES;
				GCC_INLINES_ARE_PRIVATE_EXTERN = NO;
				GCC_OPTIMIZATION_LEVEL = 3;
				GCC_SYMBOLS_PRIVATE_EXTERN = NO;
				GCC_UNROLL_LOOPS = YES;
				GCC_WARN_ABOUT_DEPRECATED_FUNCTIONS = YES;
				GCC_WARN_ABOUT_INVALID_OFFSETOF_MACRO = NO;
				GCC_WARN_ALLOW_INCOMPLETE_PROTOCOL = NO;
				GCC_WARN_UNINITIALIZED_AUTOS = NO;
				GCC_WARN_UNUSED_VALUE = NO;
				GCC_WARN_UNUSED_VARIABLE = NO;
				HEADER_SEARCH_PATHS = (
					"$(OF_CORE_HEADERS)",
					../../../addons/ofxMultiKinectV2/libs,
					../../../addons/ofxMultiKinectV2/libs/libfreenect2,
					../../../addons/ofxMultiKinectV2/libs/libfreenect2/include,
					../../../addons/ofxMultiKinectV2/libs/libusb,
					../../../addons/ofxMultiKinectV2/libs/libusb/include,
					../../../addons/ofxMultiKinectV2/libs/libusb/include/libusb,
					../../../addons/ofxMultiKinectV2/libs/libusb/include/libusb/os,
					../../../addons/ofxMultiKinectV2/libs/libusb/lib,
					../../../addons/ofxMultiKinectV2/libs/libusb/lib/osx,
					../../../addons/ofxMultiKinectV2/libs/protonect,
					../../../addons/ofxMultiKinectV2/libs/protonect/include,
					../../../addons/ofxMultiKinectV2/libs/protonect/include/OpenCL,
					../../../addons/ofxMultiKinectV2/libs/protonect/include/libfreenect2,
					../../../addons/ofxMultiKinectV2/libs/protonect/include/libfreenect2/protocol,
					../../../addons/ofxMultiKinectV2/libs/protonect/include/libfreenect2/usb,
					../../../addons/ofxMultiKinectV2/libs/protonect/src,
					../../../addons/ofxMultiKinectV2/libs/protonect/src/tinythread,
					../../../addons/ofxMultiKinectV2/src,
					../../../addons/ofxMultiKinectV2/src/opt,
					../../../addons/ofxTurboJpeg/libs,
					"../../../addons/ofxTurboJpeg/libs/turbo-jpeg",
					"../../../addons/ofxTurboJpeg/libs/turbo-jpeg/include",
					"../../../addons/ofxTurboJpeg/libs/turbo-jpeg/lib",
					"../../../addons/ofxTurboJpeg/libs/turbo-jpeg/lib/osx",
					../../../addons/ofxTurboJpeg/src,
				);
				MACOSX_DEPLOYMENT_TARGET = 10.8;
				OTHER_CPLUSPLUSFLAGS = (
					"-D__MACOSX_CORE__",
					"-mtune=native",
				);
				OTHER_LDFLAGS = (
					"$(OF_CORE_FRAMEWORKS)",
					"$(OF_CORE_LIBS)",
					"../../../addons/ofxMultiKinectV2/libs/libusb/lib/osx/usb-1.0.0-superspeed.a",
					"../../../addons/ofxTurboJpeg/libs/turbo-jpeg/lib/osx/libturbojpeg.dylib",
				);
				SDKROOT = macosx;
			};
			name = Release;
		};
		E4B69B600A3A1757003C02F2 /* Debug */ = {
			isa = XCBuildConfiguration;
			baseConfigurationReference = E4EB6923138AFD0F00A09F29 /* Project.xcconfig */;
			buildSettings = {
				COMBINE_HIDPI_IMAGES = YES;
				COPY_PHASE_STRIP = NO;
				FRAMEWORK_SEARCH_PATHS = (
					"$(inherited)",
					"$(FRAMEWORK_SEARCH_PATHS_QUOTED_FOR_TARGET_1)",
				);
				FRAMEWORK_SEARCH_PATHS_QUOTED_FOR_TARGET_1 = "\"$(SRCROOT)/../../../libs/glut/lib/osx\"";
				GCC_DYNAMIC_NO_PIC = NO;
				GCC_GENERATE_DEBUGGING_SYMBOLS = YES;
				GCC_MODEL_TUNING = NONE;
				HEADER_SEARCH_PATHS = (
					"$(OF_CORE_HEADERS)",
					../../../addons/ofxMultiKinectV2/libs,
					../../../addons/ofxMultiKinectV2/libs/libfreenect2,
					../../../addons/ofxMultiKinectV2/libs/libfreenect2/include,
					../../../addons/ofxMultiKinectV2/libs/libusb,
					../../../addons/ofxMultiKinectV2/libs/libusb/include,
					../../../addons/ofxMultiKinectV2/libs/libusb/include/libusb,
					../../../addons/ofxMultiKinectV2/libs/libusb/include/libusb/os,
					../../../addons/ofxMultiKinectV2/libs/libusb/lib,
					../../../addons/ofxMultiKinectV2/libs/libusb/lib/osx,
					../../../addons/ofxMultiKinectV2/libs/protonect,
					../../../addons/ofxMultiKinectV2/libs/protonect/include,
					../../../addons/ofxMultiKinectV2/libs/protonect/include/OpenCL,
					../../../addons/ofxMultiKinectV2/libs/protonect/include/libfreenect2,
					../../../addons/ofxMultiKinectV2/libs/protonect/include/libfreenect2/protocol,
					../../../addons/ofxMultiKinectV2/libs/protonect/include/libfreenect2/usb,
					../../../addons/ofxMultiKinectV2/libs/protonect/src,
					../../../addons/ofxMultiKinectV2/libs/protonect/src/tinythread,
					../../../addons/ofxMultiKinectV2/src,
					../../../addons/ofxMultiKinectV2/src/opt,
					../../../addons/ofxTurboJpeg/libs,
					"../../../addons/ofxTurboJpeg/libs/turbo-jpeg",
					"../../../addons/ofxTurboJpeg/libs/turbo-jpeg/include",
					"../../../addons/ofxTurboJpeg/libs/turbo-jpeg/lib",
					"../../../addons/ofxTurboJpeg/libs/turbo-jpeg/lib/osx",
					../../../addons/ofxTurboJpeg/src,
				);
				ICON = "$(ICON_NAME_DEBUG)";
				ICON_FILE = "$(ICON_FILE_PATH)$(ICON)";
				INFOPLIST_FILE = "openFrameworks-Info.plist";
				INSTALL_PATH = "$(HOME)/Applications";
				LIBRARY_SEARCH_PATHS = (
					"$(inherited)",
					../../../addons/ofxMultiKinectV2/libs/libusb/lib/osx,
					"../../../addons/ofxTurboJpeg/libs/turbo-jpeg/lib/osx",
				);
				OTHER_LDFLAGS = (
					"$(OF_CORE_FRAMEWORKS)",
					"$(OF_CORE_LIBS)",
					"../../../addons/ofxMultiKinectV2/libs/libusb/lib/osx/usb-1.0.0-superspeed.a",
					"../../../addons/ofxTurboJpeg/libs/turbo-jpeg/lib/osx/libturbojpeg.dylib",
				);
				PRODUCT_NAME = "$(TARGET_NAME)Debug";
				WRAPPER_EXTENSION = app;
			};
			name = Debug;
		};
		E4B69B610A3A1757003C02F2 /* Release */ = {
			isa = XCBuildConfiguration;
			baseConfigurationReference = E4EB6923138AFD0F00A09F29 /* Project.xcconfig */;
			buildSettings = {
				COMBINE_HIDPI_IMAGES = YES;
				COPY_PHASE_STRIP = YES;
				FRAMEWORK_SEARCH_PATHS = (
					"$(inherited)",
					"$(FRAMEWORK_SEARCH_PATHS_QUOTED_FOR_TARGET_1)",
				);
				FRAMEWORK_SEARCH_PATHS_QUOTED_FOR_TARGET_1 = "\"$(SRCROOT)/../../../libs/glut/lib/osx\"";
				GCC_GENERATE_DEBUGGING_SYMBOLS = YES;
				GCC_MODEL_TUNING = NONE;
				HEADER_SEARCH_PATHS = (
					"$(OF_CORE_HEADERS)",
					../../../addons/ofxMultiKinectV2/libs,
					../../../addons/ofxMultiKinectV2/libs/libfreenect2,
					../../../addons/ofxMultiKinectV2/libs/libfreenect2/include,
					../../../addons/ofxMultiKinectV2/libs/libusb,
					../../../addons/ofxMultiKinectV2/libs/libusb/include,
					../../../addons/ofxMultiKinectV2/libs/libusb/include/libusb,
					../../../addons/ofxMultiKinectV2/libs/libusb/include/libusb/os,
					../../../addons/ofxMultiKinectV2/libs/libusb/lib,
					../../../addons/ofxMultiKinectV2/libs/libusb/lib/osx,
					../../../addons/ofxMultiKinectV2/libs/protonect,
					../../../addons/ofxMultiKinectV2/libs/protonect/include,
					../../../addons/ofxMultiKinectV2/libs/protonect/include/OpenCL,
					../../../addons/ofxMultiKinectV2/libs/protonect/include/libfreenect2,
					../../../addons/ofxMultiKinectV2/libs/protonect/include/libfreenect2/protocol,
					../../../addons/ofxMultiKinectV2/libs/protonect/include/libfreenect2/usb,
					../../../addons/ofxMultiKinectV2/libs/protonect/src,
					../../../addons/ofxMultiKinectV2/libs/protonect/src/tinythread,
					../../../addons/ofxMultiKinectV2/src,
					../../../addons/ofxMultiKinectV2/src/opt,
					../../../addons/ofxTurboJpeg/libs,
					"../../../addons/ofxTurboJpeg/libs/turbo-jpeg",
					"../../../addons/ofxTurboJpeg/libs/turbo-jpeg/include",
					"../../../addons/ofxTurboJpeg/libs/turbo-jpeg/lib",
					"../../../addons/ofxTurboJpeg/libs/turbo-jpeg/lib/osx",
					../../../addons/ofxTurboJpeg/src,
				);
				ICON = "$(ICON_NAME_RELEASE)";
				ICON_FILE = "$(ICON_FILE_PATH)$(ICON)";
				INFOPLIST_FILE = "openFrameworks-Info.plist";
				INSTALL_PATH = "$(HOME)/Applications";
				LIBRARY_SEARCH_PATHS = (
					"$(inherited)",
					../../../addons/ofxMultiKinectV2/libs/libusb/lib/osx,
					"../../../addons/ofxTurboJpeg/libs/turbo-jpeg/lib/osx",
				);
				OTHER_LDFLAGS = (
					"$(OF_CORE_FRAMEWORKS)",
					"$(OF_CORE_LIBS)",
					"../../../addons/ofxMultiKinectV2/libs/libusb/lib/osx/usb-1.0.0-superspeed.a",
					"../../../addons/ofxTurboJpeg/libs/turbo-jpeg/lib/osx/libturbojpeg.dylib",
				);
				PRODUCT_NAME = "$(TARGET_NAME)";
				WRAPPER_EXTENSION = app;
				baseConfigurationReference = E4EB6923138AFD0F00A09F29;
			};
			name = Release;
		};
/* End XCBuildConfiguration section */

/* Begin XCConfigurationList section */
		E4B69B4D0A3A1720003C02F2 /* Build configuration list for PBXProject "example_pointcloud" */ = {
			isa = XCConfigurationList;
			buildConfigurations = (
				E4B69B4E0A3A1720003C02F2 /* Debug */,
				E4B69B4F0A3A1720003C02F2 /* Release */,
			);
			defaultConfigurationIsVisible = 0;
			defaultConfigurationName = Release;
		};
		E4B69B5F0A3A1757003C02F2 /* Build configuration list for PBXNativeTarget "example_pointcloud" */ = {
			isa = XCConfigurationList;
			buildConfigurations = (
				E4B69B600A3A1757003C02F2 /* Debug */,
				E4B69B610A3A1757003C02F2 /* Release */,
			);
			defaultConfigurationIsVisible = 0;
			defaultConfigurationName = Release;
		};
/* End XCConfigurationList section */
	};
	rootObject = E4B69B4C0A3A1720003C02F2 /* Project object */;
}
